// !$*UTF8*$!
{
	archiveVersion = 1;
	classes = {
	};
	objectVersion = 46;
	objects = {

/* Begin PBXBuildFile section */
		8215D8D71EBE1F00009B43D7 /* AppDelegate.swift in Sources */ = {isa = PBXBuildFile; fileRef = 8215D8D61EBE1F00009B43D7 /* AppDelegate.swift */; };
		8215D8D91EBE1F00009B43D7 /* ViewController.swift in Sources */ = {isa = PBXBuildFile; fileRef = 8215D8D81EBE1F00009B43D7 /* ViewController.swift */; };
		8215D8DC1EBE1F00009B43D7 /* Main.storyboard in Resources */ = {isa = PBXBuildFile; fileRef = 8215D8DA1EBE1F00009B43D7 /* Main.storyboard */; };
		8215D8DE1EBE1F00009B43D7 /* Assets.xcassets in Resources */ = {isa = PBXBuildFile; fileRef = 8215D8DD1EBE1F00009B43D7 /* Assets.xcassets */; };
		8215D8E11EBE1F00009B43D7 /* LaunchScreen.storyboard in Resources */ = {isa = PBXBuildFile; fileRef = 8215D8DF1EBE1F00009B43D7 /* LaunchScreen.storyboard */; };
		8215D8EC1EBE1F00009B43D7 /* KatarutaAppTests.swift in Sources */ = {isa = PBXBuildFile; fileRef = 8215D8EB1EBE1F00009B43D7 /* KatarutaAppTests.swift */; };
		8215D8F71EBEB278009B43D7 /* playViewController.swift in Sources */ = {isa = PBXBuildFile; fileRef = 8215D8F61EBEB278009B43D7 /* playViewController.swift */; };
/* End PBXBuildFile section */

/* Begin PBXContainerItemProxy section */
		8215D8E81EBE1F00009B43D7 /* PBXContainerItemProxy */ = {
			isa = PBXContainerItemProxy;
			containerPortal = 8215D8CB1EBE1F00009B43D7 /* Project object */;
			proxyType = 1;
			remoteGlobalIDString = 8215D8D21EBE1F00009B43D7;
			remoteInfo = KatarutaApp;
		};
/* End PBXContainerItemProxy section */

/* Begin PBXFileReference section */
		8215D8D31EBE1F00009B43D7 /* KatarutaApp.app */ = {isa = PBXFileReference; explicitFileType = wrapper.application; includeInIndex = 0; path = KatarutaApp.app; sourceTree = BUILT_PRODUCTS_DIR; };
		8215D8D61EBE1F00009B43D7 /* AppDelegate.swift */ = {isa = PBXFileReference; lastKnownFileType = sourcecode.swift; path = AppDelegate.swift; sourceTree = "<group>"; };
		8215D8D81EBE1F00009B43D7 /* ViewController.swift */ = {isa = PBXFileReference; lastKnownFileType = sourcecode.swift; path = ViewController.swift; sourceTree = "<group>"; };
		8215D8DB1EBE1F00009B43D7 /* Base */ = {isa = PBXFileReference; lastKnownFileType = file.storyboard; name = Base; path = Base.lproj/Main.storyboard; sourceTree = "<group>"; };
		8215D8DD1EBE1F00009B43D7 /* Assets.xcassets */ = {isa = PBXFileReference; lastKnownFileType = folder.assetcatalog; path = Assets.xcassets; sourceTree = "<group>"; };
		8215D8E01EBE1F00009B43D7 /* Base */ = {isa = PBXFileReference; lastKnownFileType = file.storyboard; name = Base; path = Base.lproj/LaunchScreen.storyboard; sourceTree = "<group>"; };
		8215D8E21EBE1F00009B43D7 /* Info.plist */ = {isa = PBXFileReference; lastKnownFileType = text.plist.xml; path = Info.plist; sourceTree = "<group>"; };
		8215D8E71EBE1F00009B43D7 /* KatarutaAppTests.xctest */ = {isa = PBXFileReference; explicitFileType = wrapper.cfbundle; includeInIndex = 0; path = KatarutaAppTests.xctest; sourceTree = BUILT_PRODUCTS_DIR; };
		8215D8EB1EBE1F00009B43D7 /* KatarutaAppTests.swift */ = {isa = PBXFileReference; lastKnownFileType = sourcecode.swift; path = KatarutaAppTests.swift; sourceTree = "<group>"; };
		8215D8ED1EBE1F00009B43D7 /* Info.plist */ = {isa = PBXFileReference; lastKnownFileType = text.plist.xml; path = Info.plist; sourceTree = "<group>"; };
		8215D8F61EBEB278009B43D7 /* playViewController.swift */ = {isa = PBXFileReference; fileEncoding = 4; lastKnownFileType = sourcecode.swift; path = playViewController.swift; sourceTree = "<group>"; };
/* End PBXFileReference section */

/* Begin PBXFrameworksBuildPhase section */
		8215D8D01EBE1F00009B43D7 /* Frameworks */ = {
			isa = PBXFrameworksBuildPhase;
			buildActionMask = 2147483647;
			files = (
			);
			runOnlyForDeploymentPostprocessing = 0;
		};
		8215D8E41EBE1F00009B43D7 /* Frameworks */ = {
			isa = PBXFrameworksBuildPhase;
			buildActionMask = 2147483647;
			files = (
			);
			runOnlyForDeploymentPostprocessing = 0;
		};
/* End PBXFrameworksBuildPhase section */

/* Begin PBXGroup section */
		8215D8CA1EBE1F00009B43D7 = {
			isa = PBXGroup;
			children = (
				8215D8D51EBE1F00009B43D7 /* KatarutaApp */,
				8215D8EA1EBE1F00009B43D7 /* KatarutaAppTests */,
				8215D8D41EBE1F00009B43D7 /* Products */,
			);
			sourceTree = "<group>";
		};
		8215D8D41EBE1F00009B43D7 /* Products */ = {
			isa = PBXGroup;
			children = (
				8215D8D31EBE1F00009B43D7 /* KatarutaApp.app */,
				8215D8E71EBE1F00009B43D7 /* KatarutaAppTests.xctest */,
			);
			name = Products;
			sourceTree = "<group>";
		};
		8215D8D51EBE1F00009B43D7 /* KatarutaApp */ = {
			isa = PBXGroup;
			children = (
				8215D8D61EBE1F00009B43D7 /* AppDelegate.swift */,
				8215D8D81EBE1F00009B43D7 /* ViewController.swift */,
				8215D8DA1EBE1F00009B43D7 /* Main.storyboard */,
				8215D8F61EBEB278009B43D7 /* playViewController.swift */,
				8215D8DD1EBE1F00009B43D7 /* Assets.xcassets */,
				8215D8DF1EBE1F00009B43D7 /* LaunchScreen.storyboard */,
				8215D8E21EBE1F00009B43D7 /* Info.plist */,
			);
			path = KatarutaApp;
			sourceTree = "<group>";
		};
		8215D8EA1EBE1F00009B43D7 /* KatarutaAppTests */ = {
			isa = PBXGroup;
			children = (
				8215D8EB1EBE1F00009B43D7 /* KatarutaAppTests.swift */,
				8215D8ED1EBE1F00009B43D7 /* Info.plist */,
			);
			path = KatarutaAppTests;
			sourceTree = "<group>";
		};
/* End PBXGroup section */

/* Begin PBXNativeTarget section */
		8215D8D21EBE1F00009B43D7 /* KatarutaApp */ = {
			isa = PBXNativeTarget;
			buildConfigurationList = 8215D8F01EBE1F00009B43D7 /* Build configuration list for PBXNativeTarget "KatarutaApp" */;
			buildPhases = (
				8215D8CF1EBE1F00009B43D7 /* Sources */,
				8215D8D01EBE1F00009B43D7 /* Frameworks */,
				8215D8D11EBE1F00009B43D7 /* Resources */,
			);
			buildRules = (
			);
			dependencies = (
			);
			name = KatarutaApp;
			productName = KatarutaApp;
			productReference = 8215D8D31EBE1F00009B43D7 /* KatarutaApp.app */;
			productType = "com.apple.product-type.application";
		};
		8215D8E61EBE1F00009B43D7 /* KatarutaAppTests */ = {
			isa = PBXNativeTarget;
			buildConfigurationList = 8215D8F31EBE1F00009B43D7 /* Build configuration list for PBXNativeTarget "KatarutaAppTests" */;
			buildPhases = (
				8215D8E31EBE1F00009B43D7 /* Sources */,
				8215D8E41EBE1F00009B43D7 /* Frameworks */,
				8215D8E51EBE1F00009B43D7 /* Resources */,
			);
			buildRules = (
			);
			dependencies = (
				8215D8E91EBE1F00009B43D7 /* PBXTargetDependency */,
			);
			name = KatarutaAppTests;
			productName = KatarutaAppTests;
			productReference = 8215D8E71EBE1F00009B43D7 /* KatarutaAppTests.xctest */;
			productType = "com.apple.product-type.bundle.unit-test";
		};
/* End PBXNativeTarget section */

/* Begin PBXProject section */
		8215D8CB1EBE1F00009B43D7 /* Project object */ = {
			isa = PBXProject;
			attributes = {
				LastSwiftUpdateCheck = 0830;
				LastUpgradeCheck = 0830;
				ORGANIZATIONNAME = "芳井柾貴";
				TargetAttributes = {
					8215D8D21EBE1F00009B43D7 = {
						CreatedOnToolsVersion = 8.3.2;
						DevelopmentTeam = NM43J8S4FW;
						ProvisioningStyle = Automatic;
					};
					8215D8E61EBE1F00009B43D7 = {
						CreatedOnToolsVersion = 8.3.2;
						DevelopmentTeam = NM43J8S4FW;
						ProvisioningStyle = Automatic;
						TestTargetID = 8215D8D21EBE1F00009B43D7;
					};
				};
			};
			buildConfigurationList = 8215D8CE1EBE1F00009B43D7 /* Build configuration list for PBXProject "KatarutaApp" */;
			compatibilityVersion = "Xcode 3.2";
			developmentRegion = English;
			hasScannedForEncodings = 0;
			knownRegions = (
				en,
				Base,
			);
			mainGroup = 8215D8CA1EBE1F00009B43D7;
			productRefGroup = 8215D8D41EBE1F00009B43D7 /* Products */;
			projectDirPath = "";
			projectRoot = "";
			targets = (
				8215D8D21EBE1F00009B43D7 /* KatarutaApp */,
				8215D8E61EBE1F00009B43D7 /* KatarutaAppTests */,
			);
		};
/* End PBXProject section */

/* Begin PBXResourcesBuildPhase section */
		8215D8D11EBE1F00009B43D7 /* Resources */ = {
			isa = PBXResourcesBuildPhase;
			buildActionMask = 2147483647;
			files = (
				8215D8E11EBE1F00009B43D7 /* LaunchScreen.storyboard in Resources */,
				8215D8DE1EBE1F00009B43D7 /* Assets.xcassets in Resources */,
				8215D8DC1EBE1F00009B43D7 /* Main.storyboard in Resources */,
			);
			runOnlyForDeploymentPostprocessing = 0;
		};
		8215D8E51EBE1F00009B43D7 /* Resources */ = {
			isa = PBXResourcesBuildPhase;
			buildActionMask = 2147483647;
			files = (
			);
			runOnlyForDeploymentPostprocessing = 0;
		};
/* End PBXResourcesBuildPhase section */

/* Begin PBXSourcesBuildPhase section */
		8215D8CF1EBE1F00009B43D7 /* Sources */ = {
			isa = PBXSourcesBuildPhase;
			buildActionMask = 2147483647;
			files = (
				8215D8F71EBEB278009B43D7 /* playViewController.swift in Sources */,
				8215D8D91EBE1F00009B43D7 /* ViewController.swift in Sources */,
				8215D8D71EBE1F00009B43D7 /* AppDelegate.swift in Sources */,
			);
			runOnlyForDeploymentPostprocessing = 0;
		};
		8215D8E31EBE1F00009B43D7 /* Sources */ = {
			isa = PBXSourcesBuildPhase;
			buildActionMask = 2147483647;
			files = (
				8215D8EC1EBE1F00009B43D7 /* KatarutaAppTests.swift in Sources */,
			);
			runOnlyForDeploymentPostprocessing = 0;
		};
/* End PBXSourcesBuildPhase section */

/* Begin PBXTargetDependency section */
		8215D8E91EBE1F00009B43D7 /* PBXTargetDependency */ = {
			isa = PBXTargetDependency;
			target = 8215D8D21EBE1F00009B43D7 /* KatarutaApp */;
			targetProxy = 8215D8E81EBE1F00009B43D7 /* PBXContainerItemProxy */;
		};
/* End PBXTargetDependency section */

/* Begin PBXVariantGroup section */
		8215D8DA1EBE1F00009B43D7 /* Main.storyboard */ = {
			isa = PBXVariantGroup;
			children = (
				8215D8DB1EBE1F00009B43D7 /* Base */,
			);
			name = Main.storyboard;
			sourceTree = "<group>";
		};
		8215D8DF1EBE1F00009B43D7 /* LaunchScreen.storyboard */ = {
			isa = PBXVariantGroup;
			children = (
				8215D8E01EBE1F00009B43D7 /* Base */,
			);
			name = LaunchScreen.storyboard;
			sourceTree = "<group>";
		};
/* End PBXVariantGroup section */

/* Begin XCBuildConfiguration section */
		8215D8EE1EBE1F00009B43D7 /* Debug */ = {
			isa = XCBuildConfiguration;
			buildSettings = {
				ALWAYS_SEARCH_USER_PATHS = NO;
				CLANG_ANALYZER_NONNULL = YES;
				CLANG_ANALYZER_NUMBER_OBJECT_CONVERSION = YES_AGGRESSIVE;
				CLANG_CXX_LANGUAGE_STANDARD = "gnu++0x";
				CLANG_CXX_LIBRARY = "libc++";
				CLANG_ENABLE_MODULES = YES;
				CLANG_ENABLE_OBJC_ARC = YES;
				CLANG_WARN_BOOL_CONVERSION = YES;
				CLANG_WARN_CONSTANT_CONVERSION = YES;
				CLANG_WARN_DIRECT_OBJC_ISA_USAGE = YES_ERROR;
				CLANG_WARN_DOCUMENTATION_COMMENTS = YES;
				CLANG_WARN_EMPTY_BODY = YES;
				CLANG_WARN_ENUM_CONVERSION = YES;
				CLANG_WARN_INFINITE_RECURSION = YES;
				CLANG_WARN_INT_CONVERSION = YES;
				CLANG_WARN_OBJC_ROOT_CLASS = YES_ERROR;
				CLANG_WARN_SUSPICIOUS_MOVE = YES;
				CLANG_WARN_UNREACHABLE_CODE = YES;
				CLANG_WARN__DUPLICATE_METHOD_MATCH = YES;
				"CODE_SIGN_IDENTITY[sdk=iphoneos*]" = "iPhone Developer";
				COPY_PHASE_STRIP = NO;
				DEBUG_INFORMATION_FORMAT = dwarf;
				ENABLE_STRICT_OBJC_MSGSEND = YES;
				ENABLE_TESTABILITY = YES;
				GCC_C_LANGUAGE_STANDARD = gnu99;
				GCC_DYNAMIC_NO_PIC = NO;
				GCC_NO_COMMON_BLOCKS = YES;
				GCC_OPTIMIZATION_LEVEL = 0;
				GCC_PREPROCESSOR_DEFINITIONS = (
					"DEBUG=1",
					"$(inherited)",
				);
				GCC_WARN_64_TO_32_BIT_CONVERSION = YES;
				GCC_WARN_ABOUT_RETURN_TYPE = YES_ERROR;
				GCC_WARN_UNDECLARED_SELECTOR = YES;
				GCC_WARN_UNINITIALIZED_AUTOS = YES_AGGRESSIVE;
				GCC_WARN_UNUSED_FUNCTION = YES;
				GCC_WARN_UNUSED_VARIABLE = YES;
				IPHONEOS_DEPLOYMENT_TARGET = 10.3;
				MTL_ENABLE_DEBUG_INFO = YES;
				ONLY_ACTIVE_ARCH = YES;
				SDKROOT = iphoneos;
				SWIFT_ACTIVE_COMPILATION_CONDITIONS = DEBUG;
				SWIFT_OPTIMIZATION_LEVEL = "-Onone";
				TARGETED_DEVICE_FAMILY = "1,2";
			};
			name = Debug;
		};
		8215D8EF1EBE1F00009B43D7 /* Release */ = {
			isa = XCBuildConfiguration;
			buildSettings = {
				ALWAYS_SEARCH_USER_PATHS = NO;
				CLANG_ANALYZER_NONNULL = YES;
				CLANG_ANALYZER_NUMBER_OBJECT_CONVERSION = YES_AGGRESSIVE;
				CLANG_CXX_LANGUAGE_STANDARD = "gnu++0x";
				CLANG_CXX_LIBRARY = "libc++";
				CLANG_ENABLE_MODULES = YES;
				CLANG_ENABLE_OBJC_ARC = YES;
				CLANG_WARN_BOOL_CONVERSION = YES;
				CLANG_WARN_CONSTANT_CONVERSION = YES;
				CLANG_WARN_DIRECT_OBJC_ISA_USAGE = YES_ERROR;
				CLANG_WARN_DOCUMENTATION_COMMENTS = YES;
				CLANG_WARN_EMPTY_BODY = YES;
				CLANG_WARN_ENUM_CONVERSION = YES;
				CLANG_WARN_INFINITE_RECURSION = YES;
				CLANG_WARN_INT_CONVERSION = YES;
				CLANG_WARN_OBJC_ROOT_CLASS = YES_ERROR;
				CLANG_WARN_SUSPICIOUS_MOVE = YES;
				CLANG_WARN_UNREACHABLE_CODE = YES;
				CLANG_WARN__DUPLICATE_METHOD_MATCH = YES;
				"CODE_SIGN_IDENTITY[sdk=iphoneos*]" = "iPhone Developer";
				COPY_PHASE_STRIP = NO;
				DEBUG_INFORMATION_FORMAT = "dwarf-with-dsym";
				ENABLE_NS_ASSERTIONS = NO;
				ENABLE_STRICT_OBJC_MSGSEND = YES;
				GCC_C_LANGUAGE_STANDARD = gnu99;
				GCC_NO_COMMON_BLOCKS = YES;
				GCC_WARN_64_TO_32_BIT_CONVERSION = YES;
				GCC_WARN_ABOUT_RETURN_TYPE = YES_ERROR;
				GCC_WARN_UNDECLARED_SELECTOR = YES;
				GCC_WARN_UNINITIALIZED_AUTOS = YES_AGGRESSIVE;
				GCC_WARN_UNUSED_FUNCTION = YES;
				GCC_WARN_UNUSED_VARIABLE = YES;
				IPHONEOS_DEPLOYMENT_TARGET = 10.3;
				MTL_ENABLE_DEBUG_INFO = NO;
				SDKROOT = iphoneos;
				SWIFT_OPTIMIZATION_LEVEL = "-Owholemodule";
				TARGETED_DEVICE_FAMILY = "1,2";
				VALIDATE_PRODUCT = YES;
			};
			name = Release;
		};
		8215D8F11EBE1F00009B43D7 /* Debug */ = {
			isa = XCBuildConfiguration;
			buildSettings = {
				ASSETCATALOG_COMPILER_APPICON_NAME = AppIcon;
				DEVELOPMENT_TEAM = NM43J8S4FW;
				INFOPLIST_FILE = KatarutaApp/Info.plist;
				LD_RUNPATH_SEARCH_PATHS = "$(inherited) @executable_path/Frameworks";
				PRODUCT_BUNDLE_IDENTIFIER = benzenetarou.KatarutaApp;
				PRODUCT_NAME = "$(TARGET_NAME)";
				SWIFT_VERSION = 3.0;
			};
			name = Debug;
		};
		8215D8F21EBE1F00009B43D7 /* Release */ = {
			isa = XCBuildConfiguration;
			buildSettings = {
				ASSETCATALOG_COMPILER_APPICON_NAME = AppIcon;
				DEVELOPMENT_TEAM = NM43J8S4FW;
				INFOPLIST_FILE = KatarutaApp/Info.plist;
				LD_RUNPATH_SEARCH_PATHS = "$(inherited) @executable_path/Frameworks";
				PRODUCT_BUNDLE_IDENTIFIER = benzenetarou.KatarutaApp;
				PRODUCT_NAME = "$(TARGET_NAME)";
				SWIFT_VERSION = 3.0;
			};
			name = Release;
		};
		8215D8F41EBE1F00009B43D7 /* Debug */ = {
			isa = XCBuildConfiguration;
			buildSettings = {
				ALWAYS_EMBED_SWIFT_STANDARD_LIBRARIES = YES;
				BUNDLE_LOADER = "$(TEST_HOST)";
				DEVELOPMENT_TEAM = NM43J8S4FW;
				INFOPLIST_FILE = KatarutaAppTests/Info.plist;
				LD_RUNPATH_SEARCH_PATHS = "$(inherited) @executable_path/Frameworks @loader_path/Frameworks";
				PRODUCT_BUNDLE_IDENTIFIER = benzenetarou.KatarutaAppTests;
				PRODUCT_NAME = "$(TARGET_NAME)";
				SWIFT_VERSION = 3.0;
				TEST_HOST = "$(BUILT_PRODUCTS_DIR)/KatarutaApp.app/KatarutaApp";
			};
			name = Debug;
		};
		8215D8F51EBE1F00009B43D7 /* Release */ = {
			isa = XCBuildConfiguration;
			buildSettings = {
				ALWAYS_EMBED_SWIFT_STANDARD_LIBRARIES = YES;
				BUNDLE_LOADER = "$(TEST_HOST)";
				DEVELOPMENT_TEAM = NM43J8S4FW;
				INFOPLIST_FILE = KatarutaAppTests/Info.plist;
				LD_RUNPATH_SEARCH_PATHS = "$(inherited) @executable_path/Frameworks @loader_path/Frameworks";
				PRODUCT_BUNDLE_IDENTIFIER = benzenetarou.KatarutaAppTests;
				PRODUCT_NAME = "$(TARGET_NAME)";
				SWIFT_VERSION = 3.0;
				TEST_HOST = "$(BUILT_PRODUCTS_DIR)/KatarutaApp.app/KatarutaApp";
			};
			name = Release;
		};
/* End XCBuildConfiguration section */

/* Begin XCConfigurationList section */
		8215D8CE1EBE1F00009B43D7 /* Build configuration list for PBXProject "KatarutaApp" */ = {
			isa = XCConfigurationList;
			buildConfigurations = (
				8215D8EE1EBE1F00009B43D7 /* Debug */,
				8215D8EF1EBE1F00009B43D7 /* Release */,
			);
			defaultConfigurationIsVisible = 0;
			defaultConfigurationName = Release;
		};
		8215D8F01EBE1F00009B43D7 /* Build configuration list for PBXNativeTarget "KatarutaApp" */ = {
			isa = XCConfigurationList;
			buildConfigurations = (
				8215D8F11EBE1F00009B43D7 /* Debug */,
				8215D8F21EBE1F00009B43D7 /* Release */,
			);
			defaultConfigurationIsVisible = 0;
			defaultConfigurationName = Release;
		};
		8215D8F31EBE1F00009B43D7 /* Build configuration list for PBXNativeTarget "KatarutaAppTests" */ = {
			isa = XCConfigurationList;
			buildConfigurations = (
				8215D8F41EBE1F00009B43D7 /* Debug */,
				8215D8F51EBE1F00009B43D7 /* Release */,
			);
			defaultConfigurationIsVisible = 0;
			defaultConfigurationName = Release;
		};
/* End XCConfigurationList section */
	};
	rootObject = 8215D8CB1EBE1F00009B43D7 /* Project object */;
}
